
Microsoft Visual Studio Solution File, Format Version 12.00
# Visual Studio 15
VisualStudioVersion = 15.0.26124.0
MinimumVisualStudioVersion = 15.0.26124.0
Project("{2150E333-8FDC-42A3-9474-1A3956D46DE8}") = "src", "src", "{7E09854E-D5EA-4702-BE31-A94C50DC76EE}"
EndProject
Project("{FAE04EC0-301F-11D3-BF4B-00C04F79EFBC}") = "ConsoleTemplate", "src\ConsoleTemplate\ConsoleTemplate.csproj", "{4F0366DB-0DDA-4ED9-AFD9-E5645AB9DE34}"
EndProject
Project("{FAE04EC0-301F-11D3-BF4B-00C04F79EFBC}") = "ConsoleTemplate.Domain", "src\ConsoleTemplate.Domain\ConsoleTemplate.Domain.csproj", "{7BBF70F5-C663-4794-A193-03FED82AAC7C}"
EndProject
Project("{FAE04EC0-301F-11D3-BF4B-00C04F79EFBC}") = "ConsoleTemplate.Core", "src\ConsoleTemplate.Core\ConsoleTemplate.Core.csproj", "{D67EC1CA-0F56-4776-8EEA-FE949E590C7C}"
EndProject
Project("{FAE04EC0-301F-11D3-BF4B-00C04F79EFBC}") = "ConsoleTemplate.Service", "src\ConsoleTemplate.Service\ConsoleTemplate.Service.csproj", "{75F7C396-8C3C-47D4-9079-BE61F572555D}"
EndProject
Project("{FAE04EC0-301F-11D3-BF4B-00C04F79EFBC}") = "ConsoleTemplate.Provider", "src\ConsoleTemplate.Provider\ConsoleTemplate.Provider.csproj", "{18BE7361-89DB-411A-97D8-4A34F11025BD}"
EndProject
Project("{2150E333-8FDC-42A3-9474-1A3956D46DE8}") = "tests", "tests", "{2650CC0E-590F-417B-A07A-D73A32FC2663}"
EndProject
Project("{2150E333-8FDC-42A3-9474-1A3956D46DE8}") = "UnitTests", "UnitTests", "{2E4594C4-A7F2-4A48-B608-8DB36EED9D6F}"
EndProject
Project("{FAE04EC0-301F-11D3-BF4B-00C04F79EFBC}") = "ConsoleTemplate.Core.UnitTests", "tests\UnitTests\ConsoleTemplate.Core.UnitTests\ConsoleTemplate.Core.UnitTests.csproj", "{B4F5801F-4D28-400B-92B8-0A23A7DFE3E9}"
EndProject
Project("{FAE04EC0-301F-11D3-BF4B-00C04F79EFBC}") = "ConsoleTemplate.Service.UnitTests", "tests\UnitTests\consoleTemplate.Service.UnitTests\ConsoleTemplate.Service.UnitTests.csproj", "{1FE5D826-64FA-46C3-B09F-1D85D32EA7A1}"
EndProject
Global
	GlobalSection(SolutionConfigurationPlatforms) = preSolution
		Debug|Any CPU = Debug|Any CPU
		Debug|x64 = Debug|x64
		Debug|x86 = Debug|x86
		Release|Any CPU = Release|Any CPU
		Release|x64 = Release|x64
		Release|x86 = Release|x86
	EndGlobalSection
	GlobalSection(SolutionProperties) = preSolution
		HideSolutionNode = FALSE
	EndGlobalSection
	GlobalSection(ProjectConfigurationPlatforms) = postSolution
		{4F0366DB-0DDA-4ED9-AFD9-E5645AB9DE34}.Debug|Any CPU.ActiveCfg = Debug|Any CPU
		{4F0366DB-0DDA-4ED9-AFD9-E5645AB9DE34}.Debug|Any CPU.Build.0 = Debug|Any CPU
		{4F0366DB-0DDA-4ED9-AFD9-E5645AB9DE34}.Debug|x64.ActiveCfg = Debug|Any CPU
		{4F0366DB-0DDA-4ED9-AFD9-E5645AB9DE34}.Debug|x64.Build.0 = Debug|Any CPU
		{4F0366DB-0DDA-4ED9-AFD9-E5645AB9DE34}.Debug|x86.ActiveCfg = Debug|Any CPU
		{4F0366DB-0DDA-4ED9-AFD9-E5645AB9DE34}.Debug|x86.Build.0 = Debug|Any CPU
		{4F0366DB-0DDA-4ED9-AFD9-E5645AB9DE34}.Release|Any CPU.ActiveCfg = Release|Any CPU
		{4F0366DB-0DDA-4ED9-AFD9-E5645AB9DE34}.Release|Any CPU.Build.0 = Release|Any CPU
		{4F0366DB-0DDA-4ED9-AFD9-E5645AB9DE34}.Release|x64.ActiveCfg = Release|Any CPU
		{4F0366DB-0DDA-4ED9-AFD9-E5645AB9DE34}.Release|x64.Build.0 = Release|Any CPU
		{4F0366DB-0DDA-4ED9-AFD9-E5645AB9DE34}.Release|x86.ActiveCfg = Release|Any CPU
		{4F0366DB-0DDA-4ED9-AFD9-E5645AB9DE34}.Release|x86.Build.0 = Release|Any CPU
		{7BBF70F5-C663-4794-A193-03FED82AAC7C}.Debug|Any CPU.ActiveCfg = Debug|Any CPU
		{7BBF70F5-C663-4794-A193-03FED82AAC7C}.Debug|Any CPU.Build.0 = Debug|Any CPU
		{7BBF70F5-C663-4794-A193-03FED82AAC7C}.Debug|x64.ActiveCfg = Debug|Any CPU
		{7BBF70F5-C663-4794-A193-03FED82AAC7C}.Debug|x64.Build.0 = Debug|Any CPU
		{7BBF70F5-C663-4794-A193-03FED82AAC7C}.Debug|x86.ActiveCfg = Debug|Any CPU
		{7BBF70F5-C663-4794-A193-03FED82AAC7C}.Debug|x86.Build.0 = Debug|Any CPU
		{7BBF70F5-C663-4794-A193-03FED82AAC7C}.Release|Any CPU.ActiveCfg = Release|Any CPU
		{7BBF70F5-C663-4794-A193-03FED82AAC7C}.Release|Any CPU.Build.0 = Release|Any CPU
		{7BBF70F5-C663-4794-A193-03FED82AAC7C}.Release|x64.ActiveCfg = Release|Any CPU
		{7BBF70F5-C663-4794-A193-03FED82AAC7C}.Release|x64.Build.0 = Release|Any CPU
		{7BBF70F5-C663-4794-A193-03FED82AAC7C}.Release|x86.ActiveCfg = Release|Any CPU
		{7BBF70F5-C663-4794-A193-03FED82AAC7C}.Release|x86.Build.0 = Release|Any CPU
		{D67EC1CA-0F56-4776-8EEA-FE949E590C7C}.Debug|Any CPU.ActiveCfg = Debug|Any CPU
		{D67EC1CA-0F56-4776-8EEA-FE949E590C7C}.Debug|Any CPU.Build.0 = Debug|Any CPU
		{D67EC1CA-0F56-4776-8EEA-FE949E590C7C}.Debug|x64.ActiveCfg = Debug|Any CPU
		{D67EC1CA-0F56-4776-8EEA-FE949E590C7C}.Debug|x64.Build.0 = Debug|Any CPU
		{D67EC1CA-0F56-4776-8EEA-FE949E590C7C}.Debug|x86.ActiveCfg = Debug|Any CPU
		{D67EC1CA-0F56-4776-8EEA-FE949E590C7C}.Debug|x86.Build.0 = Debug|Any CPU
		{D67EC1CA-0F56-4776-8EEA-FE949E590C7C}.Release|Any CPU.ActiveCfg = Release|Any CPU
		{D67EC1CA-0F56-4776-8EEA-FE949E590C7C}.Release|Any CPU.Build.0 = Release|Any CPU
		{D67EC1CA-0F56-4776-8EEA-FE949E590C7C}.Release|x64.ActiveCfg = Release|Any CPU
		{D67EC1CA-0F56-4776-8EEA-FE949E590C7C}.Release|x64.Build.0 = Release|Any CPU
		{D67EC1CA-0F56-4776-8EEA-FE949E590C7C}.Release|x86.ActiveCfg = Release|Any CPU
		{D67EC1CA-0F56-4776-8EEA-FE949E590C7C}.Release|x86.Build.0 = Release|Any CPU
		{75F7C396-8C3C-47D4-9079-BE61F572555D}.Debug|Any CPU.ActiveCfg = Debug|Any CPU
		{75F7C396-8C3C-47D4-9079-BE61F572555D}.Debug|Any CPU.Build.0 = Debug|Any CPU
		{75F7C396-8C3C-47D4-9079-BE61F572555D}.Debug|x64.ActiveCfg = Debug|Any CPU
		{75F7C396-8C3C-47D4-9079-BE61F572555D}.Debug|x64.Build.0 = Debug|Any CPU
		{75F7C396-8C3C-47D4-9079-BE61F572555D}.Debug|x86.ActiveCfg = Debug|Any CPU
		{75F7C396-8C3C-47D4-9079-BE61F572555D}.Debug|x86.Build.0 = Debug|Any CPU
		{75F7C396-8C3C-47D4-9079-BE61F572555D}.Release|Any CPU.ActiveCfg = Release|Any CPU
		{75F7C396-8C3C-47D4-9079-BE61F572555D}.Release|Any CPU.Build.0 = Release|Any CPU
		{75F7C396-8C3C-47D4-9079-BE61F572555D}.Release|x64.ActiveCfg = Release|Any CPU
		{75F7C396-8C3C-47D4-9079-BE61F572555D}.Release|x64.Build.0 = Release|Any CPU
		{75F7C396-8C3C-47D4-9079-BE61F572555D}.Release|x86.ActiveCfg = Release|Any CPU
		{75F7C396-8C3C-47D4-9079-BE61F572555D}.Release|x86.Build.0 = Release|Any CPU
		{18BE7361-89DB-411A-97D8-4A34F11025BD}.Debug|Any CPU.ActiveCfg = Debug|Any CPU
		{18BE7361-89DB-411A-97D8-4A34F11025BD}.Debug|Any CPU.Build.0 = Debug|Any CPU
		{18BE7361-89DB-411A-97D8-4A34F11025BD}.Debug|x64.ActiveCfg = Debug|Any CPU
		{18BE7361-89DB-411A-97D8-4A34F11025BD}.Debug|x64.Build.0 = Debug|Any CPU
		{18BE7361-89DB-411A-97D8-4A34F11025BD}.Debug|x86.ActiveCfg = Debug|Any CPU
		{18BE7361-89DB-411A-97D8-4A34F11025BD}.Debug|x86.Build.0 = Debug|Any CPU
		{18BE7361-89DB-411A-97D8-4A34F11025BD}.Release|Any CPU.ActiveCfg = Release|Any CPU
		{18BE7361-89DB-411A-97D8-4A34F11025BD}.Release|Any CPU.Build.0 = Release|Any CPU
		{18BE7361-89DB-411A-97D8-4A34F11025BD}.Release|x64.ActiveCfg = Release|Any CPU
		{18BE7361-89DB-411A-97D8-4A34F11025BD}.Release|x64.Build.0 = Release|Any CPU
		{18BE7361-89DB-411A-97D8-4A34F11025BD}.Release|x86.ActiveCfg = Release|Any CPU
		{18BE7361-89DB-411A-97D8-4A34F11025BD}.Release|x86.Build.0 = Release|Any CPU
		{B4F5801F-4D28-400B-92B8-0A23A7DFE3E9}.Debug|Any CPU.ActiveCfg = Debug|Any CPU
		{B4F5801F-4D28-400B-92B8-0A23A7DFE3E9}.Debug|Any CPU.Build.0 = Debug|Any CPU
		{B4F5801F-4D28-400B-92B8-0A23A7DFE3E9}.Debug|x64.ActiveCfg = Debug|Any CPU
		{B4F5801F-4D28-400B-92B8-0A23A7DFE3E9}.Debug|x64.Build.0 = Debug|Any CPU
		{B4F5801F-4D28-400B-92B8-0A23A7DFE3E9}.Debug|x86.ActiveCfg = Debug|Any CPU
		{B4F5801F-4D28-400B-92B8-0A23A7DFE3E9}.Debug|x86.Build.0 = Debug|Any CPU
		{B4F5801F-4D28-400B-92B8-0A23A7DFE3E9}.Release|Any CPU.ActiveCfg = Release|Any CPU
		{B4F5801F-4D28-400B-92B8-0A23A7DFE3E9}.Release|Any CPU.Build.0 = Release|Any CPU
		{B4F5801F-4D28-400B-92B8-0A23A7DFE3E9}.Release|x64.ActiveCfg = Release|Any CPU
		{B4F5801F-4D28-400B-92B8-0A23A7DFE3E9}.Release|x64.Build.0 = Release|Any CPU
		{B4F5801F-4D28-400B-92B8-0A23A7DFE3E9}.Release|x86.ActiveCfg = Release|Any CPU
		{B4F5801F-4D28-400B-92B8-0A23A7DFE3E9}.Release|x86.Build.0 = Release|Any CPU
		{1FE5D826-64FA-46C3-B09F-1D85D32EA7A1}.Debug|Any CPU.ActiveCfg = Debug|Any CPU
		{1FE5D826-64FA-46C3-B09F-1D85D32EA7A1}.Debug|Any CPU.Build.0 = Debug|Any CPU
		{1FE5D826-64FA-46C3-B09F-1D85D32EA7A1}.Debug|x64.ActiveCfg = Debug|Any CPU
		{1FE5D826-64FA-46C3-B09F-1D85D32EA7A1}.Debug|x64.Build.0 = Debug|Any CPU
		{1FE5D826-64FA-46C3-B09F-1D85D32EA7A1}.Debug|x86.ActiveCfg = Debug|Any CPU
		{1FE5D826-64FA-46C3-B09F-1D85D32EA7A1}.Debug|x86.Build.0 = Debug|Any CPU
		{1FE5D826-64FA-46C3-B09F-1D85D32EA7A1}.Release|Any CPU.ActiveCfg = Release|Any CPU
		{1FE5D826-64FA-46C3-B09F-1D85D32EA7A1}.Release|Any CPU.Build.0 = Release|Any CPU
		{1FE5D826-64FA-46C3-B09F-1D85D32EA7A1}.Release|x64.ActiveCfg = Release|Any CPU
		{1FE5D826-64FA-46C3-B09F-1D85D32EA7A1}.Release|x64.Build.0 = Release|Any CPU
		{1FE5D826-64FA-46C3-B09F-1D85D32EA7A1}.Release|x86.ActiveCfg = Release|Any CPU
		{1FE5D826-64FA-46C3-B09F-1D85D32EA7A1}.Release|x86.Build.0 = Release|Any CPU
	EndGlobalSection
	GlobalSection(NestedProjects) = preSolution
		{4F0366DB-0DDA-4ED9-AFD9-E5645AB9DE34} = {7E09854E-D5EA-4702-BE31-A94C50DC76EE}
		{7BBF70F5-C663-4794-A193-03FED82AAC7C} = {7E09854E-D5EA-4702-BE31-A94C50DC76EE}
		{D67EC1CA-0F56-4776-8EEA-FE949E590C7C} = {7E09854E-D5EA-4702-BE31-A94C50DC76EE}
		{75F7C396-8C3C-47D4-9079-BE61F572555D} = {7E09854E-D5EA-4702-BE31-A94C50DC76EE}
		{18BE7361-89DB-411A-97D8-4A34F11025BD} = {7E09854E-D5EA-4702-BE31-A94C50DC76EE}
		{2E4594C4-A7F2-4A48-B608-8DB36EED9D6F} = {2650CC0E-590F-417B-A07A-D73A32FC2663}
		{B4F5801F-4D28-400B-92B8-0A23A7DFE3E9} = {2E4594C4-A7F2-4A48-B608-8DB36EED9D6F}
		{1FE5D826-64FA-46C3-B09F-1D85D32EA7A1} = {2E4594C4-A7F2-4A48-B608-8DB36EED9D6F}
	EndGlobalSection
EndGlobal
